// !$*UTF8*$!
{
	archiveVersion = 1;
	classes = {
	};
	objectVersion = 46;
	objects = {

/* Begin PBXBuildFile section */
		3A3C4DDE1DB5779B00C2329A /* main.m in Sources */ = {isa = PBXBuildFile; fileRef = 3A3C4DDD1DB5779B00C2329A /* main.m */; };
		3A3C4DE11DB5779B00C2329A /* AppDelegate.m in Sources */ = {isa = PBXBuildFile; fileRef = 3A3C4DE01DB5779B00C2329A /* AppDelegate.m */; };
		3A3C4DE41DB5779B00C2329A /* ViewController.m in Sources */ = {isa = PBXBuildFile; fileRef = 3A3C4DE31DB5779B00C2329A /* ViewController.m */; };
		3A3C4DE71DB5779B00C2329A /* Main.storyboard in Resources */ = {isa = PBXBuildFile; fileRef = 3A3C4DE51DB5779B00C2329A /* Main.storyboard */; };
		3A3C4DE91DB5779C00C2329A /* Assets.xcassets in Resources */ = {isa = PBXBuildFile; fileRef = 3A3C4DE81DB5779C00C2329A /* Assets.xcassets */; };
		3A3C4DEC1DB5779C00C2329A /* LaunchScreen.storyboard in Resources */ = {isa = PBXBuildFile; fileRef = 3A3C4DEA1DB5779C00C2329A /* LaunchScreen.storyboard */; };
		3A3C4E061DB577DF00C2329A /* AppDelegate.swift in Sources */ = {isa = PBXBuildFile; fileRef = 3A3C4E051DB577DF00C2329A /* AppDelegate.swift */; };
		3A3C4E081DB577DF00C2329A /* ViewController.swift in Sources */ = {isa = PBXBuildFile; fileRef = 3A3C4E071DB577DF00C2329A /* ViewController.swift */; };
		3A3C4E0B1DB577DF00C2329A /* Main.storyboard in Resources */ = {isa = PBXBuildFile; fileRef = 3A3C4E091DB577DF00C2329A /* Main.storyboard */; };
		3A3C4E0D1DB577DF00C2329A /* Assets.xcassets in Resources */ = {isa = PBXBuildFile; fileRef = 3A3C4E0C1DB577DF00C2329A /* Assets.xcassets */; };
		3A3C4E101DB577DF00C2329A /* LaunchScreen.storyboard in Resources */ = {isa = PBXBuildFile; fileRef = 3A3C4E0E1DB577DF00C2329A /* LaunchScreen.storyboard */; };
		3A3C4E1C1DB577EB00C2329A /* Address.swift in Sources */ = {isa = PBXBuildFile; fileRef = 3A3C4E161DB577EB00C2329A /* Address.swift */; };
		3A3C4E1D1DB577EB00C2329A /* AddressBuilder.swift in Sources */ = {isa = PBXBuildFile; fileRef = 3A3C4E171DB577EB00C2329A /* AddressBuilder.swift */; };
		3A3C4E1E1DB577EB00C2329A /* AddressLenses.swift in Sources */ = {isa = PBXBuildFile; fileRef = 3A3C4E181DB577EB00C2329A /* AddressLenses.swift */; };
		3A3C4E1F1DB577EB00C2329A /* Person.swift in Sources */ = {isa = PBXBuildFile; fileRef = 3A3C4E191DB577EB00C2329A /* Person.swift */; };
		3A3C4E201DB577EB00C2329A /* PersonBuilder.swift in Sources */ = {isa = PBXBuildFile; fileRef = 3A3C4E1A1DB577EB00C2329A /* PersonBuilder.swift */; };
		3A3C4E211DB577EB00C2329A /* PersonLenses.swift in Sources */ = {isa = PBXBuildFile; fileRef = 3A3C4E1B1DB577EB00C2329A /* PersonLenses.swift */; };
		3A3C4E2C1DB5782300C2329A /* Address.m in Sources */ = {isa = PBXBuildFile; fileRef = 3A3C4E251DB5782300C2329A /* Address.m */; };
		3A3C4E2D1DB5782300C2329A /* AddressBuilder.m in Sources */ = {isa = PBXBuildFile; fileRef = 3A3C4E271DB5782300C2329A /* AddressBuilder.m */; };
		3A3C4E2E1DB5782300C2329A /* Person.m in Sources */ = {isa = PBXBuildFile; fileRef = 3A3C4E291DB5782300C2329A /* Person.m */; };
		3A3C4E2F1DB5782300C2329A /* PersonBuilder.m in Sources */ = {isa = PBXBuildFile; fileRef = 3A3C4E2B1DB5782300C2329A /* PersonBuilder.m */; };
		3A3C4E311DB5788400C2329A /* Lenses.swift in Sources */ = {isa = PBXBuildFile; fileRef = 3A3C4E301DB5788400C2329A /* Lenses.swift */; };
		3A3C4E351DB57DEA00C2329A /* Record.swift in Sources */ = {isa = PBXBuildFile; fileRef = 3A3C4E321DB57DEA00C2329A /* Record.swift */; };
		3A3C4E361DB57DEA00C2329A /* RecordBuilder.swift in Sources */ = {isa = PBXBuildFile; fileRef = 3A3C4E331DB57DEA00C2329A /* RecordBuilder.swift */; };
		3A3C4E371DB57DEA00C2329A /* RecordLenses.swift in Sources */ = {isa = PBXBuildFile; fileRef = 3A3C4E341DB57DEA00C2329A /* RecordLenses.swift */; };
/* End PBXBuildFile section */

/* Begin PBXFileReference section */
		3A3C4DDA1DB5779B00C2329A /* ObjectiveCExample.app */ = {isa = PBXFileReference; explicitFileType = wrapper.application; includeInIndex = 0; path = ObjectiveCExample.app; sourceTree = BUILT_PRODUCTS_DIR; };
		3A3C4DDD1DB5779B00C2329A /* main.m */ = {isa = PBXFileReference; lastKnownFileType = sourcecode.c.objc; path = main.m; sourceTree = "<group>"; };
		3A3C4DDF1DB5779B00C2329A /* AppDelegate.h */ = {isa = PBXFileReference; lastKnownFileType = sourcecode.c.h; path = AppDelegate.h; sourceTree = "<group>"; };
		3A3C4DE01DB5779B00C2329A /* AppDelegate.m */ = {isa = PBXFileReference; lastKnownFileType = sourcecode.c.objc; path = AppDelegate.m; sourceTree = "<group>"; };
		3A3C4DE21DB5779B00C2329A /* ViewController.h */ = {isa = PBXFileReference; lastKnownFileType = sourcecode.c.h; path = ViewController.h; sourceTree = "<group>"; };
		3A3C4DE31DB5779B00C2329A /* ViewController.m */ = {isa = PBXFileReference; lastKnownFileType = sourcecode.c.objc; path = ViewController.m; sourceTree = "<group>"; };
		3A3C4DE61DB5779B00C2329A /* Base */ = {isa = PBXFileReference; lastKnownFileType = file.storyboard; name = Base; path = Base.lproj/Main.storyboard; sourceTree = "<group>"; };
		3A3C4DE81DB5779C00C2329A /* Assets.xcassets */ = {isa = PBXFileReference; lastKnownFileType = folder.assetcatalog; path = Assets.xcassets; sourceTree = "<group>"; };
		3A3C4DEB1DB5779C00C2329A /* Base */ = {isa = PBXFileReference; lastKnownFileType = file.storyboard; name = Base; path = Base.lproj/LaunchScreen.storyboard; sourceTree = "<group>"; };
		3A3C4DED1DB5779C00C2329A /* Info.plist */ = {isa = PBXFileReference; lastKnownFileType = text.plist.xml; path = Info.plist; sourceTree = "<group>"; };
		3A3C4E031DB577DE00C2329A /* SwiftExample.app */ = {isa = PBXFileReference; explicitFileType = wrapper.application; includeInIndex = 0; path = SwiftExample.app; sourceTree = BUILT_PRODUCTS_DIR; };
		3A3C4E051DB577DF00C2329A /* AppDelegate.swift */ = {isa = PBXFileReference; lastKnownFileType = sourcecode.swift; path = AppDelegate.swift; sourceTree = "<group>"; };
		3A3C4E071DB577DF00C2329A /* ViewController.swift */ = {isa = PBXFileReference; lastKnownFileType = sourcecode.swift; path = ViewController.swift; sourceTree = "<group>"; };
		3A3C4E0A1DB577DF00C2329A /* Base */ = {isa = PBXFileReference; lastKnownFileType = file.storyboard; name = Base; path = Base.lproj/Main.storyboard; sourceTree = "<group>"; };
		3A3C4E0C1DB577DF00C2329A /* Assets.xcassets */ = {isa = PBXFileReference; lastKnownFileType = folder.assetcatalog; path = Assets.xcassets; sourceTree = "<group>"; };
		3A3C4E0F1DB577DF00C2329A /* Base */ = {isa = PBXFileReference; lastKnownFileType = file.storyboard; name = Base; path = Base.lproj/LaunchScreen.storyboard; sourceTree = "<group>"; };
		3A3C4E111DB577DF00C2329A /* Info.plist */ = {isa = PBXFileReference; lastKnownFileType = text.plist.xml; path = Info.plist; sourceTree = "<group>"; };
		3A3C4E161DB577EB00C2329A /* Address.swift */ = {isa = PBXFileReference; fileEncoding = 4; lastKnownFileType = sourcecode.swift; path = Address.swift; sourceTree = "<group>"; };
		3A3C4E171DB577EB00C2329A /* AddressBuilder.swift */ = {isa = PBXFileReference; fileEncoding = 4; lastKnownFileType = sourcecode.swift; path = AddressBuilder.swift; sourceTree = "<group>"; };
		3A3C4E181DB577EB00C2329A /* AddressLenses.swift */ = {isa = PBXFileReference; fileEncoding = 4; lastKnownFileType = sourcecode.swift; path = AddressLenses.swift; sourceTree = "<group>"; };
		3A3C4E191DB577EB00C2329A /* Person.swift */ = {isa = PBXFileReference; fileEncoding = 4; lastKnownFileType = sourcecode.swift; path = Person.swift; sourceTree = "<group>"; };
		3A3C4E1A1DB577EB00C2329A /* PersonBuilder.swift */ = {isa = PBXFileReference; fileEncoding = 4; lastKnownFileType = sourcecode.swift; path = PersonBuilder.swift; sourceTree = "<group>"; };
		3A3C4E1B1DB577EB00C2329A /* PersonLenses.swift */ = {isa = PBXFileReference; fileEncoding = 4; lastKnownFileType = sourcecode.swift; path = PersonLenses.swift; sourceTree = "<group>"; };
		3A3C4E241DB5782300C2329A /* Address.h */ = {isa = PBXFileReference; fileEncoding = 4; lastKnownFileType = sourcecode.c.h; path = Address.h; sourceTree = "<group>"; };
		3A3C4E251DB5782300C2329A /* Address.m */ = {isa = PBXFileReference; fileEncoding = 4; lastKnownFileType = sourcecode.c.objc; path = Address.m; sourceTree = "<group>"; };
		3A3C4E261DB5782300C2329A /* AddressBuilder.h */ = {isa = PBXFileReference; fileEncoding = 4; lastKnownFileType = sourcecode.c.h; path = AddressBuilder.h; sourceTree = "<group>"; };
		3A3C4E271DB5782300C2329A /* AddressBuilder.m */ = {isa = PBXFileReference; fileEncoding = 4; lastKnownFileType = sourcecode.c.objc; path = AddressBuilder.m; sourceTree = "<group>"; };
		3A3C4E281DB5782300C2329A /* Person.h */ = {isa = PBXFileReference; fileEncoding = 4; lastKnownFileType = sourcecode.c.h; path = Person.h; sourceTree = "<group>"; };
		3A3C4E291DB5782300C2329A /* Person.m */ = {isa = PBXFileReference; fileEncoding = 4; lastKnownFileType = sourcecode.c.objc; path = Person.m; sourceTree = "<group>"; };
		3A3C4E2A1DB5782300C2329A /* PersonBuilder.h */ = {isa = PBXFileReference; fileEncoding = 4; lastKnownFileType = sourcecode.c.h; path = PersonBuilder.h; sourceTree = "<group>"; };
		3A3C4E2B1DB5782300C2329A /* PersonBuilder.m */ = {isa = PBXFileReference; fileEncoding = 4; lastKnownFileType = sourcecode.c.objc; path = PersonBuilder.m; sourceTree = "<group>"; };
		3A3C4E301DB5788400C2329A /* Lenses.swift */ = {isa = PBXFileReference; fileEncoding = 4; lastKnownFileType = sourcecode.swift; path = Lenses.swift; sourceTree = "<group>"; };
		3A3C4E321DB57DEA00C2329A /* Record.swift */ = {isa = PBXFileReference; fileEncoding = 4; lastKnownFileType = sourcecode.swift; path = Record.swift; sourceTree = "<group>"; };
		3A3C4E331DB57DEA00C2329A /* RecordBuilder.swift */ = {isa = PBXFileReference; fileEncoding = 4; lastKnownFileType = sourcecode.swift; path = RecordBuilder.swift; sourceTree = "<group>"; };
		3A3C4E341DB57DEA00C2329A /* RecordLenses.swift */ = {isa = PBXFileReference; fileEncoding = 4; lastKnownFileType = sourcecode.swift; path = RecordLenses.swift; sourceTree = "<group>"; };
/* End PBXFileReference section */

/* Begin PBXFrameworksBuildPhase section */
		3A3C4DD71DB5779B00C2329A /* Frameworks */ = {
			isa = PBXFrameworksBuildPhase;
			buildActionMask = 2147483647;
			files = (
			);
			runOnlyForDeploymentPostprocessing = 0;
		};
		3A3C4E001DB577DE00C2329A /* Frameworks */ = {
			isa = PBXFrameworksBuildPhase;
			buildActionMask = 2147483647;
			files = (
			);
			runOnlyForDeploymentPostprocessing = 0;
		};
/* End PBXFrameworksBuildPhase section */

/* Begin PBXGroup section */
		3A3C4CF91DB55F1200C2329A = {
			isa = PBXGroup;
			children = (
				3A3C4DDB1DB5779B00C2329A /* ObjectiveC */,
				3A3C4E041DB577DF00C2329A /* Swift */,
				3A3C4D031DB55F1200C2329A /* Products */,
			);
			sourceTree = "<group>";
		};
		3A3C4D031DB55F1200C2329A /* Products */ = {
			isa = PBXGroup;
			children = (
				3A3C4DDA1DB5779B00C2329A /* ObjectiveCExample.app */,
				3A3C4E031DB577DE00C2329A /* SwiftExample.app */,
			);
			name = Products;
			sourceTree = "<group>";
		};
		3A3C4DDB1DB5779B00C2329A /* ObjectiveC */ = {
			isa = PBXGroup;
			children = (
				3A3C4E231DB5782300C2329A /* objc */,
				3A3C4DDF1DB5779B00C2329A /* AppDelegate.h */,
				3A3C4DE01DB5779B00C2329A /* AppDelegate.m */,
				3A3C4DE21DB5779B00C2329A /* ViewController.h */,
				3A3C4DE31DB5779B00C2329A /* ViewController.m */,
				3A3C4DE51DB5779B00C2329A /* Main.storyboard */,
				3A3C4DE81DB5779C00C2329A /* Assets.xcassets */,
				3A3C4DEA1DB5779C00C2329A /* LaunchScreen.storyboard */,
				3A3C4DED1DB5779C00C2329A /* Info.plist */,
				3A3C4DDC1DB5779B00C2329A /* Supporting Files */,
			);
			path = ObjectiveC;
			sourceTree = "<group>";
		};
		3A3C4DDC1DB5779B00C2329A /* Supporting Files */ = {
			isa = PBXGroup;
			children = (
				3A3C4DDD1DB5779B00C2329A /* main.m */,
			);
			name = "Supporting Files";
			sourceTree = "<group>";
		};
		3A3C4E041DB577DF00C2329A /* Swift */ = {
			isa = PBXGroup;
			children = (
				3A3C4E151DB577EB00C2329A /* swift */,
				3A3C4E051DB577DF00C2329A /* AppDelegate.swift */,
				3A3C4E071DB577DF00C2329A /* ViewController.swift */,
				3A3C4E091DB577DF00C2329A /* Main.storyboard */,
				3A3C4E0C1DB577DF00C2329A /* Assets.xcassets */,
				3A3C4E0E1DB577DF00C2329A /* LaunchScreen.storyboard */,
				3A3C4E111DB577DF00C2329A /* Info.plist */,
				3A3C4E301DB5788400C2329A /* Lenses.swift */,
			);
			path = Swift;
			sourceTree = "<group>";
		};
		3A3C4E151DB577EB00C2329A /* swift */ = {
			isa = PBXGroup;
			children = (
				3A3C4E321DB57DEA00C2329A /* Record.swift */,
				3A3C4E331DB57DEA00C2329A /* RecordBuilder.swift */,
				3A3C4E341DB57DEA00C2329A /* RecordLenses.swift */,
				3A3C4E161DB577EB00C2329A /* Address.swift */,
				3A3C4E171DB577EB00C2329A /* AddressBuilder.swift */,
				3A3C4E181DB577EB00C2329A /* AddressLenses.swift */,
				3A3C4E191DB577EB00C2329A /* Person.swift */,
				3A3C4E1A1DB577EB00C2329A /* PersonBuilder.swift */,
				3A3C4E1B1DB577EB00C2329A /* PersonLenses.swift */,
			);
			name = swift;
			path = ../../output/swift;
			sourceTree = "<group>";
		};
		3A3C4E231DB5782300C2329A /* objc */ = {
			isa = PBXGroup;
			children = (
				3A3C4E241DB5782300C2329A /* Address.h */,
				3A3C4E251DB5782300C2329A /* Address.m */,
				3A3C4E261DB5782300C2329A /* AddressBuilder.h */,
				3A3C4E271DB5782300C2329A /* AddressBuilder.m */,
				3A3C4E281DB5782300C2329A /* Person.h */,
				3A3C4E291DB5782300C2329A /* Person.m */,
				3A3C4E2A1DB5782300C2329A /* PersonBuilder.h */,
				3A3C4E2B1DB5782300C2329A /* PersonBuilder.m */,
			);
			name = objc;
			path = ../../output/objc;
			sourceTree = "<group>";
		};
/* End PBXGroup section */

/* Begin PBXNativeTarget section */
		3A3C4DD91DB5779B00C2329A /* ObjectiveCExample */ = {
			isa = PBXNativeTarget;
			buildConfigurationList = 3A3C4DF91DB5779C00C2329A /* Build configuration list for PBXNativeTarget "ObjectiveCExample" */;
			buildPhases = (
				3A3C4DD61DB5779B00C2329A /* Sources */,
				3A3C4DD71DB5779B00C2329A /* Frameworks */,
				3A3C4DD81DB5779B00C2329A /* Resources */,
			);
			buildRules = (
			);
			dependencies = (
			);
			name = ObjectiveCExample;
			productName = ObjectiveC;
			productReference = 3A3C4DDA1DB5779B00C2329A /* ObjectiveCExample.app */;
			productType = "com.apple.product-type.application";
		};
		3A3C4E021DB577DE00C2329A /* SwiftExample */ = {
			isa = PBXNativeTarget;
			buildConfigurationList = 3A3C4E121DB577DF00C2329A /* Build configuration list for PBXNativeTarget "SwiftExample" */;
			buildPhases = (
				3A3C4DFF1DB577DE00C2329A /* Sources */,
				3A3C4E001DB577DE00C2329A /* Frameworks */,
				3A3C4E011DB577DE00C2329A /* Resources */,
			);
			buildRules = (
			);
			dependencies = (
			);
			name = SwiftExample;
			productName = Swift;
			productReference = 3A3C4E031DB577DE00C2329A /* SwiftExample.app */;
			productType = "com.apple.product-type.application";
		};
/* End PBXNativeTarget section */

/* Begin PBXProject section */
		3A3C4CFA1DB55F1200C2329A /* Project object */ = {
			isa = PBXProject;
			attributes = {
				LastSwiftUpdateCheck = 0800;
				LastUpgradeCheck = 0800;
				ORGANIZATIONNAME = "László Teveli";
				TargetAttributes = {
					3A3C4DD91DB5779B00C2329A = {
						CreatedOnToolsVersion = 8.0;
						DevelopmentTeam = U9XKRL39B6;
						ProvisioningStyle = Automatic;
					};
					3A3C4E021DB577DE00C2329A = {
						CreatedOnToolsVersion = 8.0;
						DevelopmentTeam = U9XKRL39B6;
						ProvisioningStyle = Automatic;
					};
				};
			};
			buildConfigurationList = 3A3C4CFD1DB55F1200C2329A /* Build configuration list for PBXProject "Example" */;
			compatibilityVersion = "Xcode 3.2";
			developmentRegion = English;
			hasScannedForEncodings = 0;
			knownRegions = (
				en,
				Base,
			);
			mainGroup = 3A3C4CF91DB55F1200C2329A;
			productRefGroup = 3A3C4D031DB55F1200C2329A /* Products */;
			projectDirPath = "";
			projectRoot = "";
			targets = (
				3A3C4DD91DB5779B00C2329A /* ObjectiveCExample */,
				3A3C4E021DB577DE00C2329A /* SwiftExample */,
			);
		};
/* End PBXProject section */

/* Begin PBXResourcesBuildPhase section */
		3A3C4DD81DB5779B00C2329A /* Resources */ = {
			isa = PBXResourcesBuildPhase;
			buildActionMask = 2147483647;
			files = (
				3A3C4DEC1DB5779C00C2329A /* LaunchScreen.storyboard in Resources */,
				3A3C4DE91DB5779C00C2329A /* Assets.xcassets in Resources */,
				3A3C4DE71DB5779B00C2329A /* Main.storyboard in Resources */,
			);
			runOnlyForDeploymentPostprocessing = 0;
		};
		3A3C4E011DB577DE00C2329A /* Resources */ = {
			isa = PBXResourcesBuildPhase;
			buildActionMask = 2147483647;
			files = (
				3A3C4E101DB577DF00C2329A /* LaunchScreen.storyboard in Resources */,
				3A3C4E0D1DB577DF00C2329A /* Assets.xcassets in Resources */,
				3A3C4E0B1DB577DF00C2329A /* Main.storyboard in Resources */,
			);
			runOnlyForDeploymentPostprocessing = 0;
		};
/* End PBXResourcesBuildPhase section */

/* Begin PBXSourcesBuildPhase section */
		3A3C4DD61DB5779B00C2329A /* Sources */ = {
			isa = PBXSourcesBuildPhase;
			buildActionMask = 2147483647;
			files = (
				3A3C4E2F1DB5782300C2329A /* PersonBuilder.m in Sources */,
				3A3C4E2E1DB5782300C2329A /* Person.m in Sources */,
				3A3C4DE41DB5779B00C2329A /* ViewController.m in Sources */,
				3A3C4DE11DB5779B00C2329A /* AppDelegate.m in Sources */,
				3A3C4E2D1DB5782300C2329A /* AddressBuilder.m in Sources */,
				3A3C4E2C1DB5782300C2329A /* Address.m in Sources */,
				3A3C4DDE1DB5779B00C2329A /* main.m in Sources */,
			);
			runOnlyForDeploymentPostprocessing = 0;
		};
		3A3C4DFF1DB577DE00C2329A /* Sources */ = {
			isa = PBXSourcesBuildPhase;
			buildActionMask = 2147483647;
			files = (
				3A3C4E1F1DB577EB00C2329A /* Person.swift in Sources */,
				3A3C4E1D1DB577EB00C2329A /* AddressBuilder.swift in Sources */,
				3A3C4E351DB57DEA00C2329A /* Record.swift in Sources */,
				3A3C4E1C1DB577EB00C2329A /* Address.swift in Sources */,
				3A3C4E1E1DB577EB00C2329A /* AddressLenses.swift in Sources */,
				3A3C4E311DB5788400C2329A /* Lenses.swift in Sources */,
				3A3C4E371DB57DEA00C2329A /* RecordLenses.swift in Sources */,
				3A3C4E201DB577EB00C2329A /* PersonBuilder.swift in Sources */,
				3A3C4E081DB577DF00C2329A /* ViewController.swift in Sources */,
				3A3C4E211DB577EB00C2329A /* PersonLenses.swift in Sources */,
				3A3C4E361DB57DEA00C2329A /* RecordBuilder.swift in Sources */,
				3A3C4E061DB577DF00C2329A /* AppDelegate.swift in Sources */,
			);
			runOnlyForDeploymentPostprocessing = 0;
		};
/* End PBXSourcesBuildPhase section */

/* Begin PBXVariantGroup section */
		3A3C4DE51DB5779B00C2329A /* Main.storyboard */ = {
			isa = PBXVariantGroup;
			children = (
				3A3C4DE61DB5779B00C2329A /* Base */,
			);
			name = Main.storyboard;
			sourceTree = "<group>";
		};
		3A3C4DEA1DB5779C00C2329A /* LaunchScreen.storyboard */ = {
			isa = PBXVariantGroup;
			children = (
				3A3C4DEB1DB5779C00C2329A /* Base */,
			);
			name = LaunchScreen.storyboard;
			sourceTree = "<group>";
		};
		3A3C4E091DB577DF00C2329A /* Main.storyboard */ = {
			isa = PBXVariantGroup;
			children = (
				3A3C4E0A1DB577DF00C2329A /* Base */,
			);
			name = Main.storyboard;
			sourceTree = "<group>";
		};
		3A3C4E0E1DB577DF00C2329A /* LaunchScreen.storyboard */ = {
			isa = PBXVariantGroup;
			children = (
				3A3C4E0F1DB577DF00C2329A /* Base */,
			);
			name = LaunchScreen.storyboard;
			sourceTree = "<group>";
		};
/* End PBXVariantGroup section */

/* Begin XCBuildConfiguration section */
		3A3C4D221DB55F1200C2329A /* Debug */ = {
			isa = XCBuildConfiguration;
			buildSettings = {
				ALWAYS_SEARCH_USER_PATHS = NO;
				CLANG_ANALYZER_NONNULL = YES;
				CLANG_CXX_LANGUAGE_STANDARD = "gnu++0x";
				CLANG_CXX_LIBRARY = "libc++";
				CLANG_ENABLE_MODULES = YES;
				CLANG_ENABLE_OBJC_ARC = YES;
				CLANG_WARN_BOOL_CONVERSION = YES;
				CLANG_WARN_CONSTANT_CONVERSION = YES;
				CLANG_WARN_DIRECT_OBJC_ISA_USAGE = YES_ERROR;
				CLANG_WARN_DOCUMENTATION_COMMENTS = YES;
				CLANG_WARN_EMPTY_BODY = YES;
				CLANG_WARN_ENUM_CONVERSION = YES;
				CLANG_WARN_INFINITE_RECURSION = YES;
				CLANG_WARN_INT_CONVERSION = YES;
				CLANG_WARN_OBJC_ROOT_CLASS = YES_ERROR;
				CLANG_WARN_SUSPICIOUS_MOVES = YES;
				CLANG_WARN_UNREACHABLE_CODE = YES;
				CLANG_WARN__DUPLICATE_METHOD_MATCH = YES;
				"CODE_SIGN_IDENTITY[sdk=iphoneos*]" = "iPhone Developer";
				COPY_PHASE_STRIP = NO;
				DEBUG_INFORMATION_FORMAT = dwarf;
				ENABLE_STRICT_OBJC_MSGSEND = YES;
				ENABLE_TESTABILITY = YES;
				GCC_C_LANGUAGE_STANDARD = gnu99;
				GCC_DYNAMIC_NO_PIC = NO;
				GCC_NO_COMMON_BLOCKS = YES;
				GCC_OPTIMIZATION_LEVEL = 0;
				GCC_PREPROCESSOR_DEFINITIONS = (
					"DEBUG=1",
					"$(inherited)",
				);
				GCC_WARN_64_TO_32_BIT_CONVERSION = YES;
				GCC_WARN_ABOUT_RETURN_TYPE = YES_ERROR;
				GCC_WARN_UNDECLARED_SELECTOR = YES;
				GCC_WARN_UNINITIALIZED_AUTOS = YES_AGGRESSIVE;
				GCC_WARN_UNUSED_FUNCTION = YES;
				GCC_WARN_UNUSED_VARIABLE = YES;
				IPHONEOS_DEPLOYMENT_TARGET = 10.0;
				MTL_ENABLE_DEBUG_INFO = YES;
				ONLY_ACTIVE_ARCH = YES;
				SDKROOT = iphoneos;
				TARGETED_DEVICE_FAMILY = "1,2";
			};
			name = Debug;
		};
		3A3C4D231DB55F1200C2329A /* Release */ = {
			isa = XCBuildConfiguration;
			buildSettings = {
				ALWAYS_SEARCH_USER_PATHS = NO;
				CLANG_ANALYZER_NONNULL = YES;
				CLANG_CXX_LANGUAGE_STANDARD = "gnu++0x";
				CLANG_CXX_LIBRARY = "libc++";
				CLANG_ENABLE_MODULES = YES;
				CLANG_ENABLE_OBJC_ARC = YES;
				CLANG_WARN_BOOL_CONVERSION = YES;
				CLANG_WARN_CONSTANT_CONVERSION = YES;
				CLANG_WARN_DIRECT_OBJC_ISA_USAGE = YES_ERROR;
				CLANG_WARN_DOCUMENTATION_COMMENTS = YES;
				CLANG_WARN_EMPTY_BODY = YES;
				CLANG_WARN_ENUM_CONVERSION = YES;
				CLANG_WARN_INFINITE_RECURSION = YES;
				CLANG_WARN_INT_CONVERSION = YES;
				CLANG_WARN_OBJC_ROOT_CLASS = YES_ERROR;
				CLANG_WARN_SUSPICIOUS_MOVES = YES;
				CLANG_WARN_UNREACHABLE_CODE = YES;
				CLANG_WARN__DUPLICATE_METHOD_MATCH = YES;
				"CODE_SIGN_IDENTITY[sdk=iphoneos*]" = "iPhone Developer";
				COPY_PHASE_STRIP = NO;
				DEBUG_INFORMATION_FORMAT = "dwarf-with-dsym";
				ENABLE_NS_ASSERTIONS = NO;
				ENABLE_STRICT_OBJC_MSGSEND = YES;
				GCC_C_LANGUAGE_STANDARD = gnu99;
				GCC_NO_COMMON_BLOCKS = YES;
				GCC_WARN_64_TO_32_BIT_CONVERSION = YES;
				GCC_WARN_ABOUT_RETURN_TYPE = YES_ERROR;
				GCC_WARN_UNDECLARED_SELECTOR = YES;
				GCC_WARN_UNINITIALIZED_AUTOS = YES_AGGRESSIVE;
				GCC_WARN_UNUSED_FUNCTION = YES;
				GCC_WARN_UNUSED_VARIABLE = YES;
				IPHONEOS_DEPLOYMENT_TARGET = 10.0;
				MTL_ENABLE_DEBUG_INFO = NO;
				SDKROOT = iphoneos;
				TARGETED_DEVICE_FAMILY = "1,2";
				VALIDATE_PRODUCT = YES;
			};
			name = Release;
		};
		3A3C4DFA1DB5779C00C2329A /* Debug */ = {
			isa = XCBuildConfiguration;
			buildSettings = {
				ASSETCATALOG_COMPILER_APPICON_NAME = AppIcon;
				DEVELOPMENT_TEAM = U9XKRL39B6;
				INFOPLIST_FILE = ObjectiveC/Info.plist;
				LD_RUNPATH_SEARCH_PATHS = "$(inherited) @executable_path/Frameworks";
				PRODUCT_BUNDLE_IDENTIFIER = com.laszloteveli.ObjectiveC;
				PRODUCT_NAME = "$(TARGET_NAME)";
			};
			name = Debug;
		};
		3A3C4DFB1DB5779C00C2329A /* Release */ = {
			isa = XCBuildConfiguration;
			buildSettings = {
				ASSETCATALOG_COMPILER_APPICON_NAME = AppIcon;
				DEVELOPMENT_TEAM = U9XKRL39B6;
				INFOPLIST_FILE = ObjectiveC/Info.plist;
				LD_RUNPATH_SEARCH_PATHS = "$(inherited) @executable_path/Frameworks";
				PRODUCT_BUNDLE_IDENTIFIER = com.laszloteveli.ObjectiveC;
				PRODUCT_NAME = "$(TARGET_NAME)";
			};
			name = Release;
		};
		3A3C4E131DB577DF00C2329A /* Debug */ = {
			isa = XCBuildConfiguration;
			buildSettings = {
				ASSETCATALOG_COMPILER_APPICON_NAME = AppIcon;
				DEVELOPMENT_TEAM = U9XKRL39B6;
				INFOPLIST_FILE = Swift/Info.plist;
				LD_RUNPATH_SEARCH_PATHS = "$(inherited) @executable_path/Frameworks";
				PRODUCT_BUNDLE_IDENTIFIER = com.laszloteveli.Swift;
				PRODUCT_NAME = "$(TARGET_NAME)";
				SWIFT_ACTIVE_COMPILATION_CONDITIONS = DEBUG;
				SWIFT_OPTIMIZATION_LEVEL = "-Onone";
				SWIFT_VERSION = 3.0;
			};
			name = Debug;
		};
		3A3C4E141DB577DF00C2329A /* Release */ = {
			isa = XCBuildConfiguration;
			buildSettings = {
				ASSETCATALOG_COMPILER_APPICON_NAME = AppIcon;
				DEVELOPMENT_TEAM = U9XKRL39B6;
				INFOPLIST_FILE = Swift/Info.plist;
				LD_RUNPATH_SEARCH_PATHS = "$(inherited) @executable_path/Frameworks";
				PRODUCT_BUNDLE_IDENTIFIER = com.laszloteveli.Swift;
				PRODUCT_NAME = "$(TARGET_NAME)";
				SWIFT_OPTIMIZATION_LEVEL = "-Owholemodule";
				SWIFT_VERSION = 3.0;
			};
			name = Release;
		};
/* End XCBuildConfiguration section */

/* Begin XCConfigurationList section */
		3A3C4CFD1DB55F1200C2329A /* Build configuration list for PBXProject "Example" */ = {
			isa = XCConfigurationList;
			buildConfigurations = (
				3A3C4D221DB55F1200C2329A /* Debug */,
				3A3C4D231DB55F1200C2329A /* Release */,
			);
			defaultConfigurationIsVisible = 0;
			defaultConfigurationName = Release;
		};
		3A3C4DF91DB5779C00C2329A /* Build configuration list for PBXNativeTarget "ObjectiveCExample" */ = {
			isa = XCConfigurationList;
			buildConfigurations = (
				3A3C4DFA1DB5779C00C2329A /* Debug */,
				3A3C4DFB1DB5779C00C2329A /* Release */,
			);
			defaultConfigurationIsVisible = 0;
		};
		3A3C4E121DB577DF00C2329A /* Build configuration list for PBXNativeTarget "SwiftExample" */ = {
			isa = XCConfigurationList;
			buildConfigurations = (
				3A3C4E131DB577DF00C2329A /* Debug */,
				3A3C4E141DB577DF00C2329A /* Release */,
			);
			defaultConfigurationIsVisible = 0;
		};
/* End XCConfigurationList section */
	};
	rootObject = 3A3C4CFA1DB55F1200C2329A /* Project object */;
}
