// !$*UTF8*$!
{
	archiveVersion = 1;
	classes = {
	};
	objectVersion = 46;
	objects = {

/* Begin PBXBuildFile section */
		3A3C4D071DB55F1200C2329A /* main.m in Sources */ = {isa = PBXBuildFile; fileRef = 3A3C4D061DB55F1200C2329A /* main.m */; };
		3A3C4D0A1DB55F1200C2329A /* AppDelegate.m in Sources */ = {isa = PBXBuildFile; fileRef = 3A3C4D091DB55F1200C2329A /* AppDelegate.m */; };
		3A3C4D0D1DB55F1200C2329A /* ViewController.m in Sources */ = {isa = PBXBuildFile; fileRef = 3A3C4D0C1DB55F1200C2329A /* ViewController.m */; };
		3A3C4D101DB55F1200C2329A /* Main.storyboard in Resources */ = {isa = PBXBuildFile; fileRef = 3A3C4D0E1DB55F1200C2329A /* Main.storyboard */; };
		3A3C4D121DB55F1200C2329A /* Assets.xcassets in Resources */ = {isa = PBXBuildFile; fileRef = 3A3C4D111DB55F1200C2329A /* Assets.xcassets */; };
		3A3C4D151DB55F1200C2329A /* LaunchScreen.storyboard in Resources */ = {isa = PBXBuildFile; fileRef = 3A3C4D131DB55F1200C2329A /* LaunchScreen.storyboard */; };
		3A3C4D201DB55F1200C2329A /* ExampleTests.m in Sources */ = {isa = PBXBuildFile; fileRef = 3A3C4D1F1DB55F1200C2329A /* ExampleTests.m */; };
		3A3C4D2D1DB55F6000C2329A /* objc in Resources */ = {isa = PBXBuildFile; fileRef = 3A3C4D2C1DB55F6000C2329A /* objc */; };
		3A3C4DA61DB5643400C2329A /* Address.m in Sources */ = {isa = PBXBuildFile; fileRef = 3A3C4D9F1DB5643400C2329A /* Address.m */; };
		3A3C4DA71DB5643400C2329A /* AddressBuilder.m in Sources */ = {isa = PBXBuildFile; fileRef = 3A3C4DA11DB5643400C2329A /* AddressBuilder.m */; };
		3A3C4DA81DB5643400C2329A /* Person.m in Sources */ = {isa = PBXBuildFile; fileRef = 3A3C4DA31DB5643400C2329A /* Person.m */; };
		3A3C4DA91DB5643400C2329A /* PersonBuilder.m in Sources */ = {isa = PBXBuildFile; fileRef = 3A3C4DA51DB5643400C2329A /* PersonBuilder.m */; };
/* End PBXBuildFile section */

/* Begin PBXContainerItemProxy section */
		3A3C4D1C1DB55F1200C2329A /* PBXContainerItemProxy */ = {
			isa = PBXContainerItemProxy;
			containerPortal = 3A3C4CFA1DB55F1200C2329A /* Project object */;
			proxyType = 1;
			remoteGlobalIDString = 3A3C4D011DB55F1200C2329A;
			remoteInfo = Example;
		};
/* End PBXContainerItemProxy section */

/* Begin PBXFileReference section */
		3A3C4D021DB55F1200C2329A /* Example.app */ = {isa = PBXFileReference; explicitFileType = wrapper.application; includeInIndex = 0; path = Example.app; sourceTree = BUILT_PRODUCTS_DIR; };
		3A3C4D061DB55F1200C2329A /* main.m */ = {isa = PBXFileReference; lastKnownFileType = sourcecode.c.objc; path = main.m; sourceTree = "<group>"; };
		3A3C4D081DB55F1200C2329A /* AppDelegate.h */ = {isa = PBXFileReference; lastKnownFileType = sourcecode.c.h; path = AppDelegate.h; sourceTree = "<group>"; };
		3A3C4D091DB55F1200C2329A /* AppDelegate.m */ = {isa = PBXFileReference; lastKnownFileType = sourcecode.c.objc; path = AppDelegate.m; sourceTree = "<group>"; };
		3A3C4D0B1DB55F1200C2329A /* ViewController.h */ = {isa = PBXFileReference; lastKnownFileType = sourcecode.c.h; path = ViewController.h; sourceTree = "<group>"; };
		3A3C4D0C1DB55F1200C2329A /* ViewController.m */ = {isa = PBXFileReference; lastKnownFileType = sourcecode.c.objc; path = ViewController.m; sourceTree = "<group>"; };
		3A3C4D0F1DB55F1200C2329A /* Base */ = {isa = PBXFileReference; lastKnownFileType = file.storyboard; name = Base; path = Base.lproj/Main.storyboard; sourceTree = "<group>"; };
		3A3C4D111DB55F1200C2329A /* Assets.xcassets */ = {isa = PBXFileReference; lastKnownFileType = folder.assetcatalog; path = Assets.xcassets; sourceTree = "<group>"; };
		3A3C4D141DB55F1200C2329A /* Base */ = {isa = PBXFileReference; lastKnownFileType = file.storyboard; name = Base; path = Base.lproj/LaunchScreen.storyboard; sourceTree = "<group>"; };
		3A3C4D161DB55F1200C2329A /* Info.plist */ = {isa = PBXFileReference; lastKnownFileType = text.plist.xml; path = Info.plist; sourceTree = "<group>"; };
		3A3C4D1B1DB55F1200C2329A /* ExampleTests.xctest */ = {isa = PBXFileReference; explicitFileType = wrapper.cfbundle; includeInIndex = 0; path = ExampleTests.xctest; sourceTree = BUILT_PRODUCTS_DIR; };
		3A3C4D1F1DB55F1200C2329A /* ExampleTests.m */ = {isa = PBXFileReference; lastKnownFileType = sourcecode.c.objc; path = ExampleTests.m; sourceTree = "<group>"; };
		3A3C4D211DB55F1200C2329A /* Info.plist */ = {isa = PBXFileReference; lastKnownFileType = text.plist.xml; path = Info.plist; sourceTree = "<group>"; };
		3A3C4D2C1DB55F6000C2329A /* objc */ = {isa = PBXFileReference; lastKnownFileType = folder; name = objc; path = /Users/laszloteveli/Skyscanner/Fun/CodeGenerator/output/objc; sourceTree = "<absolute>"; };
		3A3C4D9E1DB5643400C2329A /* Address.h */ = {isa = PBXFileReference; fileEncoding = 4; lastKnownFileType = sourcecode.c.h; path = Address.h; sourceTree = "<group>"; };
		3A3C4D9F1DB5643400C2329A /* Address.m */ = {isa = PBXFileReference; fileEncoding = 4; lastKnownFileType = sourcecode.c.objc; path = Address.m; sourceTree = "<group>"; };
		3A3C4DA01DB5643400C2329A /* AddressBuilder.h */ = {isa = PBXFileReference; fileEncoding = 4; lastKnownFileType = sourcecode.c.h; path = AddressBuilder.h; sourceTree = "<group>"; };
		3A3C4DA11DB5643400C2329A /* AddressBuilder.m */ = {isa = PBXFileReference; fileEncoding = 4; lastKnownFileType = sourcecode.c.objc; path = AddressBuilder.m; sourceTree = "<group>"; };
		3A3C4DA21DB5643400C2329A /* Person.h */ = {isa = PBXFileReference; fileEncoding = 4; lastKnownFileType = sourcecode.c.h; path = Person.h; sourceTree = "<group>"; };
		3A3C4DA31DB5643400C2329A /* Person.m */ = {isa = PBXFileReference; fileEncoding = 4; lastKnownFileType = sourcecode.c.objc; path = Person.m; sourceTree = "<group>"; };
		3A3C4DA41DB5643400C2329A /* PersonBuilder.h */ = {isa = PBXFileReference; fileEncoding = 4; lastKnownFileType = sourcecode.c.h; path = PersonBuilder.h; sourceTree = "<group>"; };
		3A3C4DA51DB5643400C2329A /* PersonBuilder.m */ = {isa = PBXFileReference; fileEncoding = 4; lastKnownFileType = sourcecode.c.objc; path = PersonBuilder.m; sourceTree = "<group>"; };
/* End PBXFileReference section */

/* Begin PBXFrameworksBuildPhase section */
		3A3C4CFF1DB55F1200C2329A /* Frameworks */ = {
			isa = PBXFrameworksBuildPhase;
			buildActionMask = 2147483647;
			files = (
			);
			runOnlyForDeploymentPostprocessing = 0;
		};
		3A3C4D181DB55F1200C2329A /* Frameworks */ = {
			isa = PBXFrameworksBuildPhase;
			buildActionMask = 2147483647;
			files = (
			);
			runOnlyForDeploymentPostprocessing = 0;
		};
/* End PBXFrameworksBuildPhase section */

/* Begin PBXGroup section */
		3A3C4CF91DB55F1200C2329A = {
			isa = PBXGroup;
			children = (
				3A3C4D041DB55F1200C2329A /* Example */,
				3A3C4D1E1DB55F1200C2329A /* ExampleTests */,
				3A3C4D031DB55F1200C2329A /* Products */,
			);
			sourceTree = "<group>";
		};
		3A3C4D031DB55F1200C2329A /* Products */ = {
			isa = PBXGroup;
			children = (
				3A3C4D021DB55F1200C2329A /* Example.app */,
				3A3C4D1B1DB55F1200C2329A /* ExampleTests.xctest */,
			);
			name = Products;
			sourceTree = "<group>";
		};
		3A3C4D041DB55F1200C2329A /* Example */ = {
			isa = PBXGroup;
			children = (
				3A3C4D9D1DB5643400C2329A /* objc */,
				3A3C4D081DB55F1200C2329A /* AppDelegate.h */,
				3A3C4D091DB55F1200C2329A /* AppDelegate.m */,
				3A3C4D0B1DB55F1200C2329A /* ViewController.h */,
				3A3C4D0C1DB55F1200C2329A /* ViewController.m */,
				3A3C4D0E1DB55F1200C2329A /* Main.storyboard */,
				3A3C4D111DB55F1200C2329A /* Assets.xcassets */,
				3A3C4D131DB55F1200C2329A /* LaunchScreen.storyboard */,
				3A3C4D161DB55F1200C2329A /* Info.plist */,
				3A3C4D051DB55F1200C2329A /* Supporting Files */,
			);
			path = Example;
			sourceTree = "<group>";
		};
		3A3C4D051DB55F1200C2329A /* Supporting Files */ = {
			isa = PBXGroup;
			children = (
				3A3C4D061DB55F1200C2329A /* main.m */,
			);
			name = "Supporting Files";
			sourceTree = "<group>";
		};
		3A3C4D1E1DB55F1200C2329A /* ExampleTests */ = {
			isa = PBXGroup;
			children = (
				3A3C4D1F1DB55F1200C2329A /* ExampleTests.m */,
				3A3C4D211DB55F1200C2329A /* Info.plist */,
			);
			path = ExampleTests;
			sourceTree = "<group>";
		};
		3A3C4D9D1DB5643400C2329A /* objc */ = {
			isa = PBXGroup;
			children = (
				3A3C4D9E1DB5643400C2329A /* Address.h */,
				3A3C4D9F1DB5643400C2329A /* Address.m */,
				3A3C4DA01DB5643400C2329A /* AddressBuilder.h */,
				3A3C4DA11DB5643400C2329A /* AddressBuilder.m */,
				3A3C4DA21DB5643400C2329A /* Person.h */,
				3A3C4DA31DB5643400C2329A /* Person.m */,
				3A3C4DA41DB5643400C2329A /* PersonBuilder.h */,
				3A3C4DA51DB5643400C2329A /* PersonBuilder.m */,
			);
			name = objc;
			path = ../../output/objc;
			sourceTree = "<group>";
		};
/* End PBXGroup section */

/* Begin PBXNativeTarget section */
		3A3C4D011DB55F1200C2329A /* Example */ = {
			isa = PBXNativeTarget;
			buildConfigurationList = 3A3C4D241DB55F1200C2329A /* Build configuration list for PBXNativeTarget "Example" */;
			buildPhases = (
				3A3C4CFE1DB55F1200C2329A /* Sources */,
				3A3C4CFF1DB55F1200C2329A /* Frameworks */,
				3A3C4D001DB55F1200C2329A /* Resources */,
			);
			buildRules = (
			);
			dependencies = (
			);
			name = Example;
			productName = Example;
			productReference = 3A3C4D021DB55F1200C2329A /* Example.app */;
			productType = "com.apple.product-type.application";
		};
		3A3C4D1A1DB55F1200C2329A /* ExampleTests */ = {
			isa = PBXNativeTarget;
			buildConfigurationList = 3A3C4D271DB55F1200C2329A /* Build configuration list for PBXNativeTarget "ExampleTests" */;
			buildPhases = (
				3A3C4D171DB55F1200C2329A /* Sources */,
				3A3C4D181DB55F1200C2329A /* Frameworks */,
				3A3C4D191DB55F1200C2329A /* Resources */,
			);
			buildRules = (
			);
			dependencies = (
				3A3C4D1D1DB55F1200C2329A /* PBXTargetDependency */,
			);
			name = ExampleTests;
			productName = ExampleTests;
			productReference = 3A3C4D1B1DB55F1200C2329A /* ExampleTests.xctest */;
			productType = "com.apple.product-type.bundle.unit-test";
		};
/* End PBXNativeTarget section */

/* Begin PBXProject section */
		3A3C4CFA1DB55F1200C2329A /* Project object */ = {
			isa = PBXProject;
			attributes = {
				LastUpgradeCheck = 0800;
				ORGANIZATIONNAME = "László Teveli";
				TargetAttributes = {
					3A3C4D011DB55F1200C2329A = {
						CreatedOnToolsVersion = 8.0;
						DevelopmentTeam = U9XKRL39B6;
						ProvisioningStyle = Automatic;
					};
					3A3C4D1A1DB55F1200C2329A = {
						CreatedOnToolsVersion = 8.0;
						DevelopmentTeam = U9XKRL39B6;
						ProvisioningStyle = Automatic;
						TestTargetID = 3A3C4D011DB55F1200C2329A;
					};
				};
			};
			buildConfigurationList = 3A3C4CFD1DB55F1200C2329A /* Build configuration list for PBXProject "Example" */;
			compatibilityVersion = "Xcode 3.2";
			developmentRegion = English;
			hasScannedForEncodings = 0;
			knownRegions = (
				en,
				Base,
			);
			mainGroup = 3A3C4CF91DB55F1200C2329A;
			productRefGroup = 3A3C4D031DB55F1200C2329A /* Products */;
			projectDirPath = "";
			projectRoot = "";
			targets = (
				3A3C4D011DB55F1200C2329A /* Example */,
				3A3C4D1A1DB55F1200C2329A /* ExampleTests */,
			);
		};
/* End PBXProject section */

/* Begin PBXResourcesBuildPhase section */
		3A3C4D001DB55F1200C2329A /* Resources */ = {
			isa = PBXResourcesBuildPhase;
			buildActionMask = 2147483647;
			files = (
				3A3C4D151DB55F1200C2329A /* LaunchScreen.storyboard in Resources */,
				3A3C4D121DB55F1200C2329A /* Assets.xcassets in Resources */,
				3A3C4D2D1DB55F6000C2329A /* objc in Resources */,
				3A3C4D101DB55F1200C2329A /* Main.storyboard in Resources */,
			);
			runOnlyForDeploymentPostprocessing = 0;
		};
		3A3C4D191DB55F1200C2329A /* Resources */ = {
			isa = PBXResourcesBuildPhase;
			buildActionMask = 2147483647;
			files = (
			);
			runOnlyForDeploymentPostprocessing = 0;
		};
/* End PBXResourcesBuildPhase section */

/* Begin PBXSourcesBuildPhase section */
		3A3C4CFE1DB55F1200C2329A /* Sources */ = {
			isa = PBXSourcesBuildPhase;
			buildActionMask = 2147483647;
			files = (
				3A3C4DA91DB5643400C2329A /* PersonBuilder.m in Sources */,
				3A3C4DA81DB5643400C2329A /* Person.m in Sources */,
				3A3C4D0D1DB55F1200C2329A /* ViewController.m in Sources */,
				3A3C4D0A1DB55F1200C2329A /* AppDelegate.m in Sources */,
				3A3C4DA71DB5643400C2329A /* AddressBuilder.m in Sources */,
				3A3C4DA61DB5643400C2329A /* Address.m in Sources */,
				3A3C4D071DB55F1200C2329A /* main.m in Sources */,
			);
			runOnlyForDeploymentPostprocessing = 0;
		};
		3A3C4D171DB55F1200C2329A /* Sources */ = {
			isa = PBXSourcesBuildPhase;
			buildActionMask = 2147483647;
			files = (
				3A3C4D201DB55F1200C2329A /* ExampleTests.m in Sources */,
			);
			runOnlyForDeploymentPostprocessing = 0;
		};
/* End PBXSourcesBuildPhase section */

/* Begin PBXTargetDependency section */
		3A3C4D1D1DB55F1200C2329A /* PBXTargetDependency */ = {
			isa = PBXTargetDependency;
			target = 3A3C4D011DB55F1200C2329A /* Example */;
			targetProxy = 3A3C4D1C1DB55F1200C2329A /* PBXContainerItemProxy */;
		};
/* End PBXTargetDependency section */

/* Begin PBXVariantGroup section */
		3A3C4D0E1DB55F1200C2329A /* Main.storyboard */ = {
			isa = PBXVariantGroup;
			children = (
				3A3C4D0F1DB55F1200C2329A /* Base */,
			);
			name = Main.storyboard;
			sourceTree = "<group>";
		};
		3A3C4D131DB55F1200C2329A /* LaunchScreen.storyboard */ = {
			isa = PBXVariantGroup;
			children = (
				3A3C4D141DB55F1200C2329A /* Base */,
			);
			name = LaunchScreen.storyboard;
			sourceTree = "<group>";
		};
/* End PBXVariantGroup section */

/* Begin XCBuildConfiguration section */
		3A3C4D221DB55F1200C2329A /* Debug */ = {
			isa = XCBuildConfiguration;
			buildSettings = {
				ALWAYS_SEARCH_USER_PATHS = NO;
				CLANG_ANALYZER_NONNULL = YES;
				CLANG_CXX_LANGUAGE_STANDARD = "gnu++0x";
				CLANG_CXX_LIBRARY = "libc++";
				CLANG_ENABLE_MODULES = YES;
				CLANG_ENABLE_OBJC_ARC = YES;
				CLANG_WARN_BOOL_CONVERSION = YES;
				CLANG_WARN_CONSTANT_CONVERSION = YES;
				CLANG_WARN_DIRECT_OBJC_ISA_USAGE = YES_ERROR;
				CLANG_WARN_DOCUMENTATION_COMMENTS = YES;
				CLANG_WARN_EMPTY_BODY = YES;
				CLANG_WARN_ENUM_CONVERSION = YES;
				CLANG_WARN_INFINITE_RECURSION = YES;
				CLANG_WARN_INT_CONVERSION = YES;
				CLANG_WARN_OBJC_ROOT_CLASS = YES_ERROR;
				CLANG_WARN_SUSPICIOUS_MOVES = YES;
				CLANG_WARN_UNREACHABLE_CODE = YES;
				CLANG_WARN__DUPLICATE_METHOD_MATCH = YES;
				"CODE_SIGN_IDENTITY[sdk=iphoneos*]" = "iPhone Developer";
				COPY_PHASE_STRIP = NO;
				DEBUG_INFORMATION_FORMAT = dwarf;
				ENABLE_STRICT_OBJC_MSGSEND = YES;
				ENABLE_TESTABILITY = YES;
				GCC_C_LANGUAGE_STANDARD = gnu99;
				GCC_DYNAMIC_NO_PIC = NO;
				GCC_NO_COMMON_BLOCKS = YES;
				GCC_OPTIMIZATION_LEVEL = 0;
				GCC_PREPROCESSOR_DEFINITIONS = (
					"DEBUG=1",
					"$(inherited)",
				);
				GCC_WARN_64_TO_32_BIT_CONVERSION = YES;
				GCC_WARN_ABOUT_RETURN_TYPE = YES_ERROR;
				GCC_WARN_UNDECLARED_SELECTOR = YES;
				GCC_WARN_UNINITIALIZED_AUTOS = YES_AGGRESSIVE;
				GCC_WARN_UNUSED_FUNCTION = YES;
				GCC_WARN_UNUSED_VARIABLE = YES;
				IPHONEOS_DEPLOYMENT_TARGET = 10.0;
				MTL_ENABLE_DEBUG_INFO = YES;
				ONLY_ACTIVE_ARCH = YES;
				SDKROOT = iphoneos;
				TARGETED_DEVICE_FAMILY = "1,2";
			};
			name = Debug;
		};
		3A3C4D231DB55F1200C2329A /* Release */ = {
			isa = XCBuildConfiguration;
			buildSettings = {
				ALWAYS_SEARCH_USER_PATHS = NO;
				CLANG_ANALYZER_NONNULL = YES;
				CLANG_CXX_LANGUAGE_STANDARD = "gnu++0x";
				CLANG_CXX_LIBRARY = "libc++";
				CLANG_ENABLE_MODULES = YES;
				CLANG_ENABLE_OBJC_ARC = YES;
				CLANG_WARN_BOOL_CONVERSION = YES;
				CLANG_WARN_CONSTANT_CONVERSION = YES;
				CLANG_WARN_DIRECT_OBJC_ISA_USAGE = YES_ERROR;
				CLANG_WARN_DOCUMENTATION_COMMENTS = YES;
				CLANG_WARN_EMPTY_BODY = YES;
				CLANG_WARN_ENUM_CONVERSION = YES;
				CLANG_WARN_INFINITE_RECURSION = YES;
				CLANG_WARN_INT_CONVERSION = YES;
				CLANG_WARN_OBJC_ROOT_CLASS = YES_ERROR;
				CLANG_WARN_SUSPICIOUS_MOVES = YES;
				CLANG_WARN_UNREACHABLE_CODE = YES;
				CLANG_WARN__DUPLICATE_METHOD_MATCH = YES;
				"CODE_SIGN_IDENTITY[sdk=iphoneos*]" = "iPhone Developer";
				COPY_PHASE_STRIP = NO;
				DEBUG_INFORMATION_FORMAT = "dwarf-with-dsym";
				ENABLE_NS_ASSERTIONS = NO;
				ENABLE_STRICT_OBJC_MSGSEND = YES;
				GCC_C_LANGUAGE_STANDARD = gnu99;
				GCC_NO_COMMON_BLOCKS = YES;
				GCC_WARN_64_TO_32_BIT_CONVERSION = YES;
				GCC_WARN_ABOUT_RETURN_TYPE = YES_ERROR;
				GCC_WARN_UNDECLARED_SELECTOR = YES;
				GCC_WARN_UNINITIALIZED_AUTOS = YES_AGGRESSIVE;
				GCC_WARN_UNUSED_FUNCTION = YES;
				GCC_WARN_UNUSED_VARIABLE = YES;
				IPHONEOS_DEPLOYMENT_TARGET = 10.0;
				MTL_ENABLE_DEBUG_INFO = NO;
				SDKROOT = iphoneos;
				TARGETED_DEVICE_FAMILY = "1,2";
				VALIDATE_PRODUCT = YES;
			};
			name = Release;
		};
		3A3C4D251DB55F1200C2329A /* Debug */ = {
			isa = XCBuildConfiguration;
			buildSettings = {
				ASSETCATALOG_COMPILER_APPICON_NAME = AppIcon;
				DEVELOPMENT_TEAM = U9XKRL39B6;
				INFOPLIST_FILE = Example/Info.plist;
				LD_RUNPATH_SEARCH_PATHS = "$(inherited) @executable_path/Frameworks";
				PRODUCT_BUNDLE_IDENTIFIER = com.laszloteveli.Example;
				PRODUCT_NAME = "$(TARGET_NAME)";
			};
			name = Debug;
		};
		3A3C4D261DB55F1200C2329A /* Release */ = {
			isa = XCBuildConfiguration;
			buildSettings = {
				ASSETCATALOG_COMPILER_APPICON_NAME = AppIcon;
				DEVELOPMENT_TEAM = U9XKRL39B6;
				INFOPLIST_FILE = Example/Info.plist;
				LD_RUNPATH_SEARCH_PATHS = "$(inherited) @executable_path/Frameworks";
				PRODUCT_BUNDLE_IDENTIFIER = com.laszloteveli.Example;
				PRODUCT_NAME = "$(TARGET_NAME)";
			};
			name = Release;
		};
		3A3C4D281DB55F1200C2329A /* Debug */ = {
			isa = XCBuildConfiguration;
			buildSettings = {
				BUNDLE_LOADER = "$(TEST_HOST)";
				DEVELOPMENT_TEAM = U9XKRL39B6;
				INFOPLIST_FILE = ExampleTests/Info.plist;
				LD_RUNPATH_SEARCH_PATHS = "$(inherited) @executable_path/Frameworks @loader_path/Frameworks";
				PRODUCT_BUNDLE_IDENTIFIER = com.laszloteveli.ExampleTests;
				PRODUCT_NAME = "$(TARGET_NAME)";
				TEST_HOST = "$(BUILT_PRODUCTS_DIR)/Example.app/Example";
			};
			name = Debug;
		};
		3A3C4D291DB55F1200C2329A /* Release */ = {
			isa = XCBuildConfiguration;
			buildSettings = {
				BUNDLE_LOADER = "$(TEST_HOST)";
				DEVELOPMENT_TEAM = U9XKRL39B6;
				INFOPLIST_FILE = ExampleTests/Info.plist;
				LD_RUNPATH_SEARCH_PATHS = "$(inherited) @executable_path/Frameworks @loader_path/Frameworks";
				PRODUCT_BUNDLE_IDENTIFIER = com.laszloteveli.ExampleTests;
				PRODUCT_NAME = "$(TARGET_NAME)";
				TEST_HOST = "$(BUILT_PRODUCTS_DIR)/Example.app/Example";
			};
			name = Release;
		};
/* End XCBuildConfiguration section */

/* Begin XCConfigurationList section */
		3A3C4CFD1DB55F1200C2329A /* Build configuration list for PBXProject "Example" */ = {
			isa = XCConfigurationList;
			buildConfigurations = (
				3A3C4D221DB55F1200C2329A /* Debug */,
				3A3C4D231DB55F1200C2329A /* Release */,
			);
			defaultConfigurationIsVisible = 0;
			defaultConfigurationName = Release;
		};
		3A3C4D241DB55F1200C2329A /* Build configuration list for PBXNativeTarget "Example" */ = {
			isa = XCConfigurationList;
			buildConfigurations = (
				3A3C4D251DB55F1200C2329A /* Debug */,
				3A3C4D261DB55F1200C2329A /* Release */,
			);
			defaultConfigurationIsVisible = 0;
		};
		3A3C4D271DB55F1200C2329A /* Build configuration list for PBXNativeTarget "ExampleTests" */ = {
			isa = XCConfigurationList;
			buildConfigurations = (
				3A3C4D281DB55F1200C2329A /* Debug */,
				3A3C4D291DB55F1200C2329A /* Release */,
			);
			defaultConfigurationIsVisible = 0;
		};
/* End XCConfigurationList section */
	};
	rootObject = 3A3C4CFA1DB55F1200C2329A /* Project object */;
}
